
Microsoft Visual Studio Solution File, Format Version 12.00
# Visual Studio Version 16
VisualStudioVersion = 16.0.32630.194
MinimumVisualStudioVersion = 10.0.40219.1
Project("{FAE04EC0-301F-11D3-BF4B-00C04F79EFBC}") = "HotelSanCarloss", "HotelSanCarloss\HotelSanCarloss.csproj", "{71AE0170-8CA7-41AE-8256-2AFBFD2CC914}"
EndProject
Project("{FAE04EC0-301F-11D3-BF4B-00C04F79EFBC}") = "Capa_Modelo", "Capa_Modelo\Capa_Modelo.csproj", "{D2F39F92-AD73-4B1B-9E20-EE37F95C68FD}"
EndProject
Project("{FAE04EC0-301F-11D3-BF4B-00C04F79EFBC}") = "Capa_Controlador", "Capa_Controlador\Capa_Controlador.csproj", "{C8139755-491F-4D37-8903-66CFB9D6B123}"
EndProject
Global
	GlobalSection(SolutionConfigurationPlatforms) = preSolution
		Debug|Any CPU = Debug|Any CPU
		Release|Any CPU = Release|Any CPU
	EndGlobalSection
	GlobalSection(ProjectConfigurationPlatforms) = postSolution
		{71AE0170-8CA7-41AE-8256-2AFBFD2CC914}.Debug|Any CPU.ActiveCfg = Debug|Any CPU
		{71AE0170-8CA7-41AE-8256-2AFBFD2CC914}.Debug|Any CPU.Build.0 = Debug|Any CPU
		{71AE0170-8CA7-41AE-8256-2AFBFD2CC914}.Release|Any CPU.ActiveCfg = Release|Any CPU
		{71AE0170-8CA7-41AE-8256-2AFBFD2CC914}.Release|Any CPU.Build.0 = Release|Any CPU
		{D2F39F92-AD73-4B1B-9E20-EE37F95C68FD}.Debug|Any CPU.ActiveCfg = Debug|Any CPU
		{D2F39F92-AD73-4B1B-9E20-EE37F95C68FD}.Debug|Any CPU.Build.0 = Debug|Any CPU
		{D2F39F92-AD73-4B1B-9E20-EE37F95C68FD}.Release|Any CPU.ActiveCfg = Release|Any CPU
		{D2F39F92-AD73-4B1B-9E20-EE37F95C68FD}.Release|Any CPU.Build.0 = Release|Any CPU
		{C8139755-491F-4D37-8903-66CFB9D6B123}.Debug|Any CPU.ActiveCfg = Debug|Any CPU
		{C8139755-491F-4D37-8903-66CFB9D6B123}.Debug|Any CPU.Build.0 = Debug|Any CPU
		{C8139755-491F-4D37-8903-66CFB9D6B123}.Release|Any CPU.ActiveCfg = Release|Any CPU
		{C8139755-491F-4D37-8903-66CFB9D6B123}.Release|Any CPU.Build.0 = Release|Any CPU
	EndGlobalSection
	GlobalSection(SolutionProperties) = preSolution
		HideSolutionNode = FALSE
	EndGlobalSection
	GlobalSection(ExtensibilityGlobals) = postSolution
		SolutionGuid = {EFDE39DF-45D2-4F60-8180-3ED645476938}
	EndGlobalSection
EndGlobal
